PODS:
  - Amplify (1.5.4):
    - Amplify/Default (= 1.5.4)
  - Amplify/Default (1.5.4)
  - AmplifyPlugins/AWSAPIPlugin (1.5.4):
    - AppSyncRealTimeClient (~> 1.4.0)
    - AWSCore (~> 2.22.0)
    - AWSPluginsCore (= 1.5.4)
  - AmplifyPlugins/AWSDataStorePlugin (1.5.4):
    - AWSCore (~> 2.22.0)
    - AWSPluginsCore (= 1.5.4)
    - SQLite.swift (~> 0.12.0)
  - AppSyncRealTimeClient (1.4.2):
    - Starscream (~> 3.1.0)
  - AWSAuthCore (2.22.0):
    - AWSCore (= 2.22.0)
  - AWSCognitoIdentityProvider (2.22.0):
    - AWSCognitoIdentityProviderASF (= 2.22.0)
    - AWSCore (= 2.22.0)
  - AWSCognitoIdentityProviderASF (2.22.0)
  - AWSCore (2.22.0)
  - AWSDynamoDB (2.22.0):
    - AWSCore (= 2.22.0)
  - AWSMobileClient (2.22.0):
    - AWSAuthCore (= 2.22.0)
    - AWSCognitoIdentityProvider (= 2.22.0)
    - AWSCognitoIdentityProviderASF (= 2.22.0)
    - AWSCore (= 2.22.0)
  - AWSPinpoint (2.22.0):
    - AWSCore (= 2.22.0)
  - AWSPluginsCore (1.5.4):
    - Amplify (= 1.5.4)
    - AWSCore (~> 2.22.0)
  - AWSSQS (2.22.0):
    - AWSCore (= 2.22.0)
  - L10n-swift (5.7.2):
    - L10n-swift/Core (= 5.7.2)
    - L10n-swift/Extension (= 5.7.2)
    - L10n-swift/IBInspectable (= 5.7.2)
  - L10n-swift/Core (5.7.2)
  - L10n-swift/Extension (5.7.2):
    - L10n-swift/Core
  - L10n-swift/IBInspectable (5.7.2):
    - L10n-swift/Core
  - SQLite.swift (0.12.2):
    - SQLite.swift/standard (= 0.12.2)
  - SQLite.swift/standard (0.12.2)
  - Starscream (3.1.1)
  - SwiftKeychainWrapper (4.0.1)

DEPENDENCIES:
  - Amplify
  - AmplifyPlugins/AWSAPIPlugin
  - AmplifyPlugins/AWSDataStorePlugin
  - AWSDynamoDB
  - AWSMobileClient
  - AWSPinpoint
  - AWSSQS
  - L10n-swift (~> 5.7)
  - SwiftKeychainWrapper (~> 4.0)

SPEC REPOS:
  trunk:
    - Amplify
    - AmplifyPlugins
    - AppSyncRealTimeClient
    - AWSAuthCore
    - AWSCognitoIdentityProvider
    - AWSCognitoIdentityProviderASF
    - AWSCore
    - AWSDynamoDB
    - AWSMobileClient
    - AWSPinpoint
    - AWSPluginsCore
    - AWSSQS
    - L10n-swift
    - SQLite.swift
    - Starscream
    - SwiftKeychainWrapper

SPEC CHECKSUMS:
  Amplify: 9250284b62605d1df4dd127db418c5f5fd564765
  AmplifyPlugins: 6f017013a82fdcd1ea27f21f66f311d3f14beeb5
  AppSyncRealTimeClient: 7fb160294d067b6c0c4b3c4ab91e953fd4cfba30
  AWSAuthCore: b54e2008da479e5a6ffdb6b482821d8f5a9afaa4
  AWSCognitoIdentityProvider: 32a91ad644e49e40235a408a8fbb96ea74891f19
  AWSCognitoIdentityProviderASF: 8b92721c17f2951ecd5bcfb749d5534f2851c2c7
  AWSCore: 8bd1def9cb0b6770c65b6d394f1c1cbc0a5562b7
  AWSDynamoDB: e4b8582490aca42269a15c0e2a1ef15b95deaa1c
  AWSMobileClient: bba690cc09c6569cc1111141beaa4e2f789f536b
  AWSPinpoint: b25b03fca987c4c5119e061dcd0f16ae40d9b504
  AWSPluginsCore: e4c20e3f3c1be03305ef0fdd568fda78813b7860
  AWSSQS: c1c04db9f8a1825d8fe115521a1e2ee9c1939b65
  L10n-swift: 5895718b0534335a3af0e91e80f0d23dad4d5c30
  SQLite.swift: d2b4642190917051ce6bd1d49aab565fe794eea3
  Starscream: 4bb2f9942274833f7b4d296a55504dcfc7edb7b0
  SwiftKeychainWrapper: 807ba1d63c33a7d0613288512399cd1eda1e470c

PODFILE CHECKSUM: 356acfd5834eed947288dd82e15640cc1b7caaab

COCOAPODS: 1.9.3
